
Microsoft Visual Studio Solution File, Format Version 12.00
# Visual Studio Version 16
VisualStudioVersion = 16.0.32802.440
MinimumVisualStudioVersion = 10.0.40219.1
Project("{FAE04EC0-301F-11D3-BF4B-00C04F79EFBC}") = "BlazorServeApp", "BlazorServeApp\BlazorServeApp.csproj", "{353BEE6E-D600-43FD-9289-6933E152C50A}"
EndProject
Global
	GlobalSection(SolutionConfigurationPlatforms) = preSolution
		Debug|Any CPU = Debug|Any CPU
		Release|Any CPU = Release|Any CPU
	EndGlobalSection
	GlobalSection(ProjectConfigurationPlatforms) = postSolution
		{353BEE6E-D600-43FD-9289-6933E152C50A}.Debug|Any CPU.ActiveCfg = Debug|Any CPU
		{353BEE6E-D600-43FD-9289-6933E152C50A}.Debug|Any CPU.Build.0 = Debug|Any CPU
		{353BEE6E-D600-43FD-9289-6933E152C50A}.Release|Any CPU.ActiveCfg = Release|Any CPU
		{353BEE6E-D600-43FD-9289-6933E152C50A}.Release|Any CPU.Build.0 = Release|Any CPU
	EndGlobalSection
	GlobalSection(SolutionProperties) = preSolution
		HideSolutionNode = FALSE
	EndGlobalSection
	GlobalSection(ExtensibilityGlobals) = postSolution
		SolutionGuid = {38B876AB-EA8D-4214-BE75-6C38D0BE3B31}
	EndGlobalSection
EndGlobal
